{
	"name": "color-palette-generator",
	"version": "1.0.0",
	"lockfileVersion": 3,
	"requires": true,
	"packages": {
		"": {
			"name": "color-palette-generator",
			"version": "1.0.0",
			"license": "MIT",
			"dependencies": {
				"name_any_color": "^1.1.4"
			},
			"devDependencies": {},
			"engines": {
				"node": ">=14.0.0"
			}
		},
		"node_modules/name_any_color": {
			"version": "1.1.4",
			"resolved": "https://registry.npmjs.org/name_any_color/-/name_any_color-1.1.4.tgz",
			"integrity": "sha512-08PFPYzgqTisd4VFIekBsTMhj2ls6aWzAKBC9ATAB7wPDgordLEHYc4ff9y2gXbyZEqOAqlV4ZQNBUz3bLmwcA==",
			"license": "ISC"
		}
	}
}
